
Microsoft Visual Studio Solution File, Format Version 12.00
# Visual Studio Version 16
VisualStudioVersion = 16.0.29728.190
MinimumVisualStudioVersion = 10.0.40219.1
Project("{9A19103F-16F7-4668-BE54-9A1E7A4F7556}") = "Primeiro", "Primeiro\Primeiro.csproj", "{5583EF9B-39F8-4398-8864-65E8F8795C86}"
EndProject
Project("{FAE04EC0-301F-11D3-BF4B-00C04F79EFBC}") = "Introducao_CSharpie", "Introducao_CSharpie\Introducao_CSharpie.csproj", "{F5BB0CAE-D20E-4E77-B398-97A607885041}"
EndProject
Global
	GlobalSection(SolutionConfigurationPlatforms) = preSolution
		Debug|Any CPU = Debug|Any CPU
		Release|Any CPU = Release|Any CPU
	EndGlobalSection
	GlobalSection(ProjectConfigurationPlatforms) = postSolution
		{5583EF9B-39F8-4398-8864-65E8F8795C86}.Debug|Any CPU.ActiveCfg = Debug|Any CPU
		{5583EF9B-39F8-4398-8864-65E8F8795C86}.Debug|Any CPU.Build.0 = Debug|Any CPU
		{5583EF9B-39F8-4398-8864-65E8F8795C86}.Release|Any CPU.ActiveCfg = Release|Any CPU
		{5583EF9B-39F8-4398-8864-65E8F8795C86}.Release|Any CPU.Build.0 = Release|Any CPU
		{F5BB0CAE-D20E-4E77-B398-97A607885041}.Debug|Any CPU.ActiveCfg = Debug|Any CPU
		{F5BB0CAE-D20E-4E77-B398-97A607885041}.Debug|Any CPU.Build.0 = Debug|Any CPU
		{F5BB0CAE-D20E-4E77-B398-97A607885041}.Release|Any CPU.ActiveCfg = Release|Any CPU
		{F5BB0CAE-D20E-4E77-B398-97A607885041}.Release|Any CPU.Build.0 = Release|Any CPU
	EndGlobalSection
	GlobalSection(SolutionProperties) = preSolution
		HideSolutionNode = FALSE
	EndGlobalSection
	GlobalSection(ExtensibilityGlobals) = postSolution
		SolutionGuid = {A629B852-5CD0-40CC-B3E2-A8B644F47DCB}
	EndGlobalSection
EndGlobal
